
Microsoft Visual Studio Solution File, Format Version 12.00
# Visual Studio Version 17
VisualStudioVersion = 17.0.31423.177
MinimumVisualStudioVersion = 10.0.40219.1
Project("{9A19103F-16F7-4668-BE54-9A1E7A4F7556}") = "CurrencyConverter.Api", "CurrencyConverter\CurrencyConverter.Api.csproj", "{175864B0-0D76-4D3C-B7E4-2A6C3C8D1C28}"
EndProject
Project("{9A19103F-16F7-4668-BE54-9A1E7A4F7556}") = "CurrencyConverter.Tests", "CurrencyConverter.Tests\CurrencyConverter.Tests.csproj", "{3153BA0D-F43C-4882-BA14-4A8635FE2391}"
EndProject
Project("{9A19103F-16F7-4668-BE54-9A1E7A4F7556}") = "CurrencyConverter.Library", "CurrencyConverterLibrary\CurrencyConverter.Library.csproj", "{CCB96B34-8676-4398-A786-64DA333DC017}"
EndProject
Global
	GlobalSection(SolutionConfigurationPlatforms) = preSolution
		Debug|Any CPU = Debug|Any CPU
		Release|Any CPU = Release|Any CPU
	EndGlobalSection
	GlobalSection(ProjectConfigurationPlatforms) = postSolution
		{175864B0-0D76-4D3C-B7E4-2A6C3C8D1C28}.Debug|Any CPU.ActiveCfg = Debug|Any CPU
		{175864B0-0D76-4D3C-B7E4-2A6C3C8D1C28}.Debug|Any CPU.Build.0 = Debug|Any CPU
		{175864B0-0D76-4D3C-B7E4-2A6C3C8D1C28}.Release|Any CPU.ActiveCfg = Release|Any CPU
		{175864B0-0D76-4D3C-B7E4-2A6C3C8D1C28}.Release|Any CPU.Build.0 = Release|Any CPU
		{3153BA0D-F43C-4882-BA14-4A8635FE2391}.Debug|Any CPU.ActiveCfg = Debug|Any CPU
		{3153BA0D-F43C-4882-BA14-4A8635FE2391}.Debug|Any CPU.Build.0 = Debug|Any CPU
		{3153BA0D-F43C-4882-BA14-4A8635FE2391}.Release|Any CPU.ActiveCfg = Release|Any CPU
		{3153BA0D-F43C-4882-BA14-4A8635FE2391}.Release|Any CPU.Build.0 = Release|Any CPU
		{CCB96B34-8676-4398-A786-64DA333DC017}.Debug|Any CPU.ActiveCfg = Debug|Any CPU
		{CCB96B34-8676-4398-A786-64DA333DC017}.Debug|Any CPU.Build.0 = Debug|Any CPU
		{CCB96B34-8676-4398-A786-64DA333DC017}.Release|Any CPU.ActiveCfg = Release|Any CPU
		{CCB96B34-8676-4398-A786-64DA333DC017}.Release|Any CPU.Build.0 = Release|Any CPU
	EndGlobalSection
	GlobalSection(SolutionProperties) = preSolution
		HideSolutionNode = FALSE
	EndGlobalSection
	GlobalSection(ExtensibilityGlobals) = postSolution
		SolutionGuid = {48A73759-4792-4A59-8CEA-4B38057490A4}
	EndGlobalSection
EndGlobal
